
Microsoft Visual Studio Solution File, Format Version 12.00
# Visual Studio Version 16
VisualStudioVersion = 16.0.29503.13
MinimumVisualStudioVersion = 10.0.40219.1
Project("{9A19103F-16F7-4668-BE54-9A1E7A4F7556}") = "Mathema", "Mathema\Mathema.csproj", "{918E9B23-6BB6-4B8A-94A6-0C2ED85B1D89}"
EndProject
Project("{9A19103F-16F7-4668-BE54-9A1E7A4F7556}") = "Mathema.Interfaces", "Mathema.Interfaces\Mathema.Interfaces.csproj", "{4493F3D7-2BF3-4E7D-89AA-882EED928543}"
EndProject
Project("{9A19103F-16F7-4668-BE54-9A1E7A4F7556}") = "Mathema.Algorithms", "Mathema.Algorithms\Mathema.Algorithms.csproj", "{A1E6A116-5346-411B-A9CD-544EAB28DCF6}"
EndProject
Project("{9A19103F-16F7-4668-BE54-9A1E7A4F7556}") = "Mathema.Shared", "Mathema.Shared\Mathema.Shared.csproj", "{9EBDE312-10BE-40C7-8BA2-724038A0F4B3}"
EndProject
Project("{9A19103F-16F7-4668-BE54-9A1E7A4F7556}") = "Mathema.Models", "Mathema.Models\Mathema.Models.csproj", "{FAE02555-2FC5-4AF7-9EFD-23FF9FA608C0}"
EndProject
Project("{2150E333-8FDC-42A3-9474-1A3956D46DE8}") = "Tests", "Tests", "{2A338ED6-3589-453C-A915-05D17ABAF6FC}"
EndProject
Project("{9A19103F-16F7-4668-BE54-9A1E7A4F7556}") = "Mathema.RPNTests", "Mathema.RPNTests\Mathema.RPNTests.csproj", "{D9DD595B-C3F9-4CEE-BC9E-D1039BDF1E46}"
EndProject
Project("{9A19103F-16F7-4668-BE54-9A1E7A4F7556}") = "ExpressionTests", "ExpressionTests\ExpressionTests.csproj", "{DD47D115-B176-45A8-A103-9984651CBADE}"
EndProject
Project("{9A19103F-16F7-4668-BE54-9A1E7A4F7556}") = "FlatExpressionTests", "FlatExpressionTests\FlatExpressionTests.csproj", "{3C2C9AB3-FBC5-47D3-A2EC-EB0F8E279725}"
EndProject
Project("{9A19103F-16F7-4668-BE54-9A1E7A4F7556}") = "Mathema.Enums", "Mathema.Enums\Mathema.Enums.csproj", "{446FB13E-0EEA-461A-8B68-AE1D5A6D3B15}"
EndProject
Project("{9A19103F-16F7-4668-BE54-9A1E7A4F7556}") = "ModelsTests", "Models.Tests\ModelsTests.csproj", "{EFC521A1-3ED2-4CDA-A813-8B0D5061D232}"
EndProject
Project("{2150E333-8FDC-42A3-9474-1A3956D46DE8}") = "Solution Items", "Solution Items", "{9F05B2ED-6AC2-4A07-B7BE-1FEE6B845159}"
	ProjectSection(SolutionItems) = preProject
		DevelopersDocumentation.html = DevelopersDocumentation.html
	EndProjectSection
EndProject
Project("{9A19103F-16F7-4668-BE54-9A1E7A4F7556}") = "Mathema.Classifier", "Mathema.Classifier\Mathema.Classifier.csproj", "{1A8EC2F5-9D80-4F8B-8E3C-D9F17AA90CB8}"
EndProject
Project("{FAE04EC0-301F-11D3-BF4B-00C04F79EFBC}") = "ClassifierTests", "ClassifierTests\ClassifierTests.csproj", "{71D00681-CDC1-44D3-8D32-42649D0360BC}"
EndProject
Project("{FAE04EC0-301F-11D3-BF4B-00C04F79EFBC}") = "Mathema.Solver", "Mathema.Solver\Mathema.Solver.csproj", "{EF95EAFB-92AC-42F3-988F-77EAF64DAF77}"
EndProject
Global
	GlobalSection(SolutionConfigurationPlatforms) = preSolution
		Debug|Any CPU = Debug|Any CPU
		Release|Any CPU = Release|Any CPU
	EndGlobalSection
	GlobalSection(ProjectConfigurationPlatforms) = postSolution
		{918E9B23-6BB6-4B8A-94A6-0C2ED85B1D89}.Debug|Any CPU.ActiveCfg = Debug|Any CPU
		{918E9B23-6BB6-4B8A-94A6-0C2ED85B1D89}.Debug|Any CPU.Build.0 = Debug|Any CPU
		{918E9B23-6BB6-4B8A-94A6-0C2ED85B1D89}.Release|Any CPU.ActiveCfg = Release|Any CPU
		{918E9B23-6BB6-4B8A-94A6-0C2ED85B1D89}.Release|Any CPU.Build.0 = Release|Any CPU
		{4493F3D7-2BF3-4E7D-89AA-882EED928543}.Debug|Any CPU.ActiveCfg = Debug|Any CPU
		{4493F3D7-2BF3-4E7D-89AA-882EED928543}.Debug|Any CPU.Build.0 = Debug|Any CPU
		{4493F3D7-2BF3-4E7D-89AA-882EED928543}.Release|Any CPU.ActiveCfg = Release|Any CPU
		{4493F3D7-2BF3-4E7D-89AA-882EED928543}.Release|Any CPU.Build.0 = Release|Any CPU
		{A1E6A116-5346-411B-A9CD-544EAB28DCF6}.Debug|Any CPU.ActiveCfg = Debug|Any CPU
		{A1E6A116-5346-411B-A9CD-544EAB28DCF6}.Debug|Any CPU.Build.0 = Debug|Any CPU
		{A1E6A116-5346-411B-A9CD-544EAB28DCF6}.Release|Any CPU.ActiveCfg = Release|Any CPU
		{A1E6A116-5346-411B-A9CD-544EAB28DCF6}.Release|Any CPU.Build.0 = Release|Any CPU
		{9EBDE312-10BE-40C7-8BA2-724038A0F4B3}.Debug|Any CPU.ActiveCfg = Debug|Any CPU
		{9EBDE312-10BE-40C7-8BA2-724038A0F4B3}.Debug|Any CPU.Build.0 = Debug|Any CPU
		{9EBDE312-10BE-40C7-8BA2-724038A0F4B3}.Release|Any CPU.ActiveCfg = Release|Any CPU
		{9EBDE312-10BE-40C7-8BA2-724038A0F4B3}.Release|Any CPU.Build.0 = Release|Any CPU
		{FAE02555-2FC5-4AF7-9EFD-23FF9FA608C0}.Debug|Any CPU.ActiveCfg = Debug|Any CPU
		{FAE02555-2FC5-4AF7-9EFD-23FF9FA608C0}.Debug|Any CPU.Build.0 = Debug|Any CPU
		{FAE02555-2FC5-4AF7-9EFD-23FF9FA608C0}.Release|Any CPU.ActiveCfg = Release|Any CPU
		{FAE02555-2FC5-4AF7-9EFD-23FF9FA608C0}.Release|Any CPU.Build.0 = Release|Any CPU
		{D9DD595B-C3F9-4CEE-BC9E-D1039BDF1E46}.Debug|Any CPU.ActiveCfg = Debug|Any CPU
		{D9DD595B-C3F9-4CEE-BC9E-D1039BDF1E46}.Debug|Any CPU.Build.0 = Debug|Any CPU
		{D9DD595B-C3F9-4CEE-BC9E-D1039BDF1E46}.Release|Any CPU.ActiveCfg = Release|Any CPU
		{D9DD595B-C3F9-4CEE-BC9E-D1039BDF1E46}.Release|Any CPU.Build.0 = Release|Any CPU
		{DD47D115-B176-45A8-A103-9984651CBADE}.Debug|Any CPU.ActiveCfg = Debug|Any CPU
		{DD47D115-B176-45A8-A103-9984651CBADE}.Debug|Any CPU.Build.0 = Debug|Any CPU
		{DD47D115-B176-45A8-A103-9984651CBADE}.Release|Any CPU.ActiveCfg = Release|Any CPU
		{DD47D115-B176-45A8-A103-9984651CBADE}.Release|Any CPU.Build.0 = Release|Any CPU
		{3C2C9AB3-FBC5-47D3-A2EC-EB0F8E279725}.Debug|Any CPU.ActiveCfg = Debug|Any CPU
		{3C2C9AB3-FBC5-47D3-A2EC-EB0F8E279725}.Debug|Any CPU.Build.0 = Debug|Any CPU
		{3C2C9AB3-FBC5-47D3-A2EC-EB0F8E279725}.Release|Any CPU.ActiveCfg = Release|Any CPU
		{3C2C9AB3-FBC5-47D3-A2EC-EB0F8E279725}.Release|Any CPU.Build.0 = Release|Any CPU
		{446FB13E-0EEA-461A-8B68-AE1D5A6D3B15}.Debug|Any CPU.ActiveCfg = Debug|Any CPU
		{446FB13E-0EEA-461A-8B68-AE1D5A6D3B15}.Debug|Any CPU.Build.0 = Debug|Any CPU
		{446FB13E-0EEA-461A-8B68-AE1D5A6D3B15}.Release|Any CPU.ActiveCfg = Release|Any CPU
		{446FB13E-0EEA-461A-8B68-AE1D5A6D3B15}.Release|Any CPU.Build.0 = Release|Any CPU
		{EFC521A1-3ED2-4CDA-A813-8B0D5061D232}.Debug|Any CPU.ActiveCfg = Debug|Any CPU
		{EFC521A1-3ED2-4CDA-A813-8B0D5061D232}.Debug|Any CPU.Build.0 = Debug|Any CPU
		{EFC521A1-3ED2-4CDA-A813-8B0D5061D232}.Release|Any CPU.ActiveCfg = Release|Any CPU
		{EFC521A1-3ED2-4CDA-A813-8B0D5061D232}.Release|Any CPU.Build.0 = Release|Any CPU
		{1A8EC2F5-9D80-4F8B-8E3C-D9F17AA90CB8}.Debug|Any CPU.ActiveCfg = Debug|Any CPU
		{1A8EC2F5-9D80-4F8B-8E3C-D9F17AA90CB8}.Debug|Any CPU.Build.0 = Debug|Any CPU
		{1A8EC2F5-9D80-4F8B-8E3C-D9F17AA90CB8}.Release|Any CPU.ActiveCfg = Release|Any CPU
		{1A8EC2F5-9D80-4F8B-8E3C-D9F17AA90CB8}.Release|Any CPU.Build.0 = Release|Any CPU
		{71D00681-CDC1-44D3-8D32-42649D0360BC}.Debug|Any CPU.ActiveCfg = Debug|Any CPU
		{71D00681-CDC1-44D3-8D32-42649D0360BC}.Debug|Any CPU.Build.0 = Debug|Any CPU
		{71D00681-CDC1-44D3-8D32-42649D0360BC}.Release|Any CPU.ActiveCfg = Release|Any CPU
		{71D00681-CDC1-44D3-8D32-42649D0360BC}.Release|Any CPU.Build.0 = Release|Any CPU
		{EF95EAFB-92AC-42F3-988F-77EAF64DAF77}.Debug|Any CPU.ActiveCfg = Debug|Any CPU
		{EF95EAFB-92AC-42F3-988F-77EAF64DAF77}.Debug|Any CPU.Build.0 = Debug|Any CPU
		{EF95EAFB-92AC-42F3-988F-77EAF64DAF77}.Release|Any CPU.ActiveCfg = Release|Any CPU
		{EF95EAFB-92AC-42F3-988F-77EAF64DAF77}.Release|Any CPU.Build.0 = Release|Any CPU
	EndGlobalSection
	GlobalSection(SolutionProperties) = preSolution
		HideSolutionNode = FALSE
	EndGlobalSection
	GlobalSection(NestedProjects) = preSolution
		{D9DD595B-C3F9-4CEE-BC9E-D1039BDF1E46} = {2A338ED6-3589-453C-A915-05D17ABAF6FC}
		{DD47D115-B176-45A8-A103-9984651CBADE} = {2A338ED6-3589-453C-A915-05D17ABAF6FC}
		{3C2C9AB3-FBC5-47D3-A2EC-EB0F8E279725} = {2A338ED6-3589-453C-A915-05D17ABAF6FC}
		{EFC521A1-3ED2-4CDA-A813-8B0D5061D232} = {2A338ED6-3589-453C-A915-05D17ABAF6FC}
		{71D00681-CDC1-44D3-8D32-42649D0360BC} = {2A338ED6-3589-453C-A915-05D17ABAF6FC}
	EndGlobalSection
	GlobalSection(ExtensibilityGlobals) = postSolution
		SolutionGuid = {A474CDFB-1DAB-44D4-8124-00EE16E34E94}
	EndGlobalSection
EndGlobal
