
Microsoft Visual Studio Solution File, Format Version 12.00
# Visual Studio Version 16
VisualStudioVersion = 16.0.29503.13
MinimumVisualStudioVersion = 10.0.40219.1
Project("{FAE04EC0-301F-11D3-BF4B-00C04F79EFBC}") = "Mathema", "Mathema\Mathema.csproj", "{918E9B23-6BB6-4B8A-94A6-0C2ED85B1D89}"
EndProject
Project("{FAE04EC0-301F-11D3-BF4B-00C04F79EFBC}") = "Mathema.Interfaces", "Mathema.Interfaces\Mathema.Interfaces.csproj", "{4493F3D7-2BF3-4E7D-89AA-882EED928543}"
EndProject
Project("{FAE04EC0-301F-11D3-BF4B-00C04F79EFBC}") = "Mathema.Algorithms", "Mathema.Algorithms\Mathema.Algorithms.csproj", "{A1E6A116-5346-411B-A9CD-544EAB28DCF6}"
EndProject
Project("{FAE04EC0-301F-11D3-BF4B-00C04F79EFBC}") = "Mathema.Shared", "Mathema.Shared\Mathema.Shared.csproj", "{9EBDE312-10BE-40C7-8BA2-724038A0F4B3}"
EndProject
Global
	GlobalSection(SolutionConfigurationPlatforms) = preSolution
		Debug|Any CPU = Debug|Any CPU
		Release|Any CPU = Release|Any CPU
	EndGlobalSection
	GlobalSection(ProjectConfigurationPlatforms) = postSolution
		{918E9B23-6BB6-4B8A-94A6-0C2ED85B1D89}.Debug|Any CPU.ActiveCfg = Debug|Any CPU
		{918E9B23-6BB6-4B8A-94A6-0C2ED85B1D89}.Debug|Any CPU.Build.0 = Debug|Any CPU
		{918E9B23-6BB6-4B8A-94A6-0C2ED85B1D89}.Release|Any CPU.ActiveCfg = Release|Any CPU
		{918E9B23-6BB6-4B8A-94A6-0C2ED85B1D89}.Release|Any CPU.Build.0 = Release|Any CPU
		{4493F3D7-2BF3-4E7D-89AA-882EED928543}.Debug|Any CPU.ActiveCfg = Debug|Any CPU
		{4493F3D7-2BF3-4E7D-89AA-882EED928543}.Debug|Any CPU.Build.0 = Debug|Any CPU
		{4493F3D7-2BF3-4E7D-89AA-882EED928543}.Release|Any CPU.ActiveCfg = Release|Any CPU
		{4493F3D7-2BF3-4E7D-89AA-882EED928543}.Release|Any CPU.Build.0 = Release|Any CPU
		{A1E6A116-5346-411B-A9CD-544EAB28DCF6}.Debug|Any CPU.ActiveCfg = Debug|Any CPU
		{A1E6A116-5346-411B-A9CD-544EAB28DCF6}.Debug|Any CPU.Build.0 = Debug|Any CPU
		{A1E6A116-5346-411B-A9CD-544EAB28DCF6}.Release|Any CPU.ActiveCfg = Release|Any CPU
		{A1E6A116-5346-411B-A9CD-544EAB28DCF6}.Release|Any CPU.Build.0 = Release|Any CPU
		{9EBDE312-10BE-40C7-8BA2-724038A0F4B3}.Debug|Any CPU.ActiveCfg = Debug|Any CPU
		{9EBDE312-10BE-40C7-8BA2-724038A0F4B3}.Debug|Any CPU.Build.0 = Debug|Any CPU
		{9EBDE312-10BE-40C7-8BA2-724038A0F4B3}.Release|Any CPU.ActiveCfg = Release|Any CPU
		{9EBDE312-10BE-40C7-8BA2-724038A0F4B3}.Release|Any CPU.Build.0 = Release|Any CPU
	EndGlobalSection
	GlobalSection(SolutionProperties) = preSolution
		HideSolutionNode = FALSE
	EndGlobalSection
	GlobalSection(ExtensibilityGlobals) = postSolution
		SolutionGuid = {A474CDFB-1DAB-44D4-8124-00EE16E34E94}
	EndGlobalSection
EndGlobal
